{
  "name": "example-nodejs-app",
  "version": "1.0.0",
  "lockfileVersion": 1,
  "requires": true,
  "dependencies": {
    "bintrees": {
      "version": "1.0.1",
      "resolved": "https://registry.npmmirror.com/bintrees/-/bintrees-1.0.1.tgz",
      "integrity": "sha512-tbaUB1QpTIj4cKY8c1rvNAvEQXA+ekzHmbe4jzNfW3QWsF9GnnP/BRWyl6/qqS53heoYJ93naaFcm/jooONH8g=="
    },
    "prom-client": {
      "version": "14.0.1",
      "resolved": "https://registry.npmmirror.com/prom-client/-/prom-client-14.0.1.tgz",
      "integrity": "sha512-HxTArb6fkOntQHoRGvv4qd/BkorjliiuO2uSWC2KC17MUTKYttWdDoXX/vxOhQdkoECEM9BBH0pj2l8G8kev6w==",
      "requires": {
        "tdigest": "^0.1.1"
      }
    },
    "tdigest": {
      "version": "0.1.1",
      "resolved": "https://registry.npmmirror.com/tdigest/-/tdigest-0.1.1.tgz",
      "integrity": "sha512-CXcDY/NIgIbKZPx5H4JJNpq6JwJhU5Z4+yWj4ZghDc7/9nVajiRlPPyMXRePPPlBfcayUqtoCXjo7/Hm82ecUA==",
      "requires": {
        "bintrees": "1.0.1"
      }
    }
  }
}
